
Microsoft Visual Studio Solution File, Format Version 12.00
# Visual Studio Version 16
VisualStudioVersion = 16.0.30002.166
MinimumVisualStudioVersion = 10.0.40219.1
Project("{8BC9CEB8-8B4A-11D0-8D11-00A0C91BC942}") = "Sem_11-12", "Sem_11-12\Sem_11-12.vcxproj", "{A84DC1BB-C958-4A89-855B-DAB987D04818}"
EndProject
Global
	GlobalSection(SolutionConfigurationPlatforms) = preSolution
		Debug|x64 = Debug|x64
		Debug|x86 = Debug|x86
		Release|x64 = Release|x64
		Release|x86 = Release|x86
	EndGlobalSection
	GlobalSection(ProjectConfigurationPlatforms) = postSolution
		{A84DC1BB-C958-4A89-855B-DAB987D04818}.Debug|x64.ActiveCfg = Debug|x64
		{A84DC1BB-C958-4A89-855B-DAB987D04818}.Debug|x64.Build.0 = Debug|x64
		{A84DC1BB-C958-4A89-855B-DAB987D04818}.Debug|x86.ActiveCfg = Debug|Win32
		{A84DC1BB-C958-4A89-855B-DAB987D04818}.Debug|x86.Build.0 = Debug|Win32
		{A84DC1BB-C958-4A89-855B-DAB987D04818}.Release|x64.ActiveCfg = Release|x64
		{A84DC1BB-C958-4A89-855B-DAB987D04818}.Release|x64.Build.0 = Release|x64
		{A84DC1BB-C958-4A89-855B-DAB987D04818}.Release|x86.ActiveCfg = Release|Win32
		{A84DC1BB-C958-4A89-855B-DAB987D04818}.Release|x86.Build.0 = Release|Win32
	EndGlobalSection
	GlobalSection(SolutionProperties) = preSolution
		HideSolutionNode = FALSE
	EndGlobalSection
	GlobalSection(ExtensibilityGlobals) = postSolution
		SolutionGuid = {D0E70FA3-DCBF-4116-AC36-3D86FD11025D}
	EndGlobalSection
EndGlobal
